{
  "originHash" : "a76fbda56d914f62a191f21952ed604ab29da21abfea00946826fbc500095c5d",
  "pins" : [
    {
      "identity" : "sparkle",
      "kind" : "remoteSourceControl",
      "location" : "https://github.com/sparkle-project/Sparkle",
      "state" : {
        "revision" : "79bc9e872948e47877e76f194cb0c8e0412b0b90",
        "version" : "2.9.5"
      }
    },
    {
      "identity" : "swift-stats",
      "kind" : "remoteSourceControl",
      "location" : "https://github.com/awizemann/swift-stats",
      "state" : {
        "revision" : "e743ecdb565a8973a5f3e034da0fc627d6d6e9ff",
        "version" : "0.2.0"
      }
    }
  ],
  "version" : 3
}
